
Microsoft Visual Studio Solution File, Format Version 12.00
# Visual Studio Version 16
VisualStudioVersion = 16.0.30611.23
MinimumVisualStudioVersion = 10.0.40219.1
Project("{9A19103F-16F7-4668-BE54-9A1E7A4F7556}") = "BatonBot", "BatonBot\BatonBot.csproj", "{10DECA41-E57E-4727-8660-59BC620DFC1E}"
EndProject
Project("{FAE04EC0-301F-11D3-BF4B-00C04F79EFBC}") = "DevEnvironmentBot", "DevEnvironmentBot\DevEnvironmentBot.csproj", "{B10428AB-169B-44DE-9025-E52A88EE66D8}"
EndProject
Project("{FAE04EC0-301F-11D3-BF4B-00C04F79EFBC}") = "SharedBaton", "Shared\SharedBaton.csproj", "{5F672C4C-C7D4-4804-B734-DD50CF5BC958}"
EndProject
Global
	GlobalSection(SolutionConfigurationPlatforms) = preSolution
		Debug|Any CPU = Debug|Any CPU
		Release|Any CPU = Release|Any CPU
	EndGlobalSection
	GlobalSection(ProjectConfigurationPlatforms) = postSolution
		{10DECA41-E57E-4727-8660-59BC620DFC1E}.Debug|Any CPU.ActiveCfg = Debug|Any CPU
		{10DECA41-E57E-4727-8660-59BC620DFC1E}.Debug|Any CPU.Build.0 = Debug|Any CPU
		{10DECA41-E57E-4727-8660-59BC620DFC1E}.Release|Any CPU.ActiveCfg = Release|Any CPU
		{10DECA41-E57E-4727-8660-59BC620DFC1E}.Release|Any CPU.Build.0 = Release|Any CPU
		{B10428AB-169B-44DE-9025-E52A88EE66D8}.Debug|Any CPU.ActiveCfg = Debug|Any CPU
		{B10428AB-169B-44DE-9025-E52A88EE66D8}.Debug|Any CPU.Build.0 = Debug|Any CPU
		{B10428AB-169B-44DE-9025-E52A88EE66D8}.Release|Any CPU.ActiveCfg = Release|Any CPU
		{B10428AB-169B-44DE-9025-E52A88EE66D8}.Release|Any CPU.Build.0 = Release|Any CPU
		{5F672C4C-C7D4-4804-B734-DD50CF5BC958}.Debug|Any CPU.ActiveCfg = Debug|Any CPU
		{5F672C4C-C7D4-4804-B734-DD50CF5BC958}.Debug|Any CPU.Build.0 = Debug|Any CPU
		{5F672C4C-C7D4-4804-B734-DD50CF5BC958}.Release|Any CPU.ActiveCfg = Release|Any CPU
		{5F672C4C-C7D4-4804-B734-DD50CF5BC958}.Release|Any CPU.Build.0 = Release|Any CPU
	EndGlobalSection
	GlobalSection(SolutionProperties) = preSolution
		HideSolutionNode = FALSE
	EndGlobalSection
	GlobalSection(ExtensibilityGlobals) = postSolution
		SolutionGuid = {7D95F604-6B48-4EC0-9904-54EC45FBA711}
	EndGlobalSection
EndGlobal
